
Microsoft Visual Studio Solution File, Format Version 12.00
# Visual Studio Version 16
VisualStudioVersion = 16.0.28803.352
MinimumVisualStudioVersion = 10.0.40219.1
Project("{FAE04EC0-301F-11D3-BF4B-00C04F79EFBC}") = "SFcustom", "SFcustom.csproj", "{8A3C6F2B-C453-467F-8D61-63ECE4F1554B}"
EndProject
Global
	GlobalSection(SolutionConfigurationPlatforms) = preSolution
		Debug|Any CPU = Debug|Any CPU
		Release|Any CPU = Release|Any CPU
	EndGlobalSection
	GlobalSection(ProjectConfigurationPlatforms) = postSolution
		{8A3C6F2B-C453-467F-8D61-63ECE4F1554B}.Debug|Any CPU.ActiveCfg = Debug|Any CPU
		{8A3C6F2B-C453-467F-8D61-63ECE4F1554B}.Debug|Any CPU.Build.0 = Debug|Any CPU
		{8A3C6F2B-C453-467F-8D61-63ECE4F1554B}.Release|Any CPU.ActiveCfg = Release|Any CPU
		{8A3C6F2B-C453-467F-8D61-63ECE4F1554B}.Release|Any CPU.Build.0 = Release|Any CPU
	EndGlobalSection
	GlobalSection(SolutionProperties) = preSolution
		HideSolutionNode = FALSE
	EndGlobalSection
	GlobalSection(ExtensibilityGlobals) = postSolution
		SolutionGuid = {109A27F4-BA13-490D-A9B8-3B57170016BB}
	EndGlobalSection
EndGlobal
